
Microsoft Visual Studio Solution File, Format Version 12.00
# Visual Studio Version 17
VisualStudioVersion = 17.0.32014.148
MinimumVisualStudioVersion = 10.0.40219.1
Project("{FAE04EC0-301F-11D3-BF4B-00C04F79EFBC}") = "DataAccess", "DataAccess\DataAccess.csproj", "{B843C065-7C12-4AFF-81A7-65967360EA60}"
EndProject
Project("{FAE04EC0-301F-11D3-BF4B-00C04F79EFBC}") = "MessierDomain", "MessierDomain\MessierDomain.csproj", "{1C789C27-B8FD-4B91-A131-2F57C2ABC3CE}"
EndProject
Project("{FAE04EC0-301F-11D3-BF4B-00C04F79EFBC}") = "MessierApi", "MessierApi\MessierApi.csproj", "{FBB13705-9A4F-42C6-B0C4-9244400C1BE1}"
EndProject
Project("{2150E333-8FDC-42A3-9474-1A3956D46DE8}") = "Solution Items", "Solution Items", "{FABB8DF2-4E3C-4670-882F-1F25884DEEFC}"
	ProjectSection(SolutionItems) = preProject
		.gitignore = .gitignore
	EndProjectSection
EndProject
Global
	GlobalSection(SolutionConfigurationPlatforms) = preSolution
		Debug|Any CPU = Debug|Any CPU
		Release|Any CPU = Release|Any CPU
	EndGlobalSection
	GlobalSection(ProjectConfigurationPlatforms) = postSolution
		{B843C065-7C12-4AFF-81A7-65967360EA60}.Debug|Any CPU.ActiveCfg = Debug|Any CPU
		{B843C065-7C12-4AFF-81A7-65967360EA60}.Debug|Any CPU.Build.0 = Debug|Any CPU
		{B843C065-7C12-4AFF-81A7-65967360EA60}.Release|Any CPU.ActiveCfg = Release|Any CPU
		{B843C065-7C12-4AFF-81A7-65967360EA60}.Release|Any CPU.Build.0 = Release|Any CPU
		{1C789C27-B8FD-4B91-A131-2F57C2ABC3CE}.Debug|Any CPU.ActiveCfg = Debug|Any CPU
		{1C789C27-B8FD-4B91-A131-2F57C2ABC3CE}.Debug|Any CPU.Build.0 = Debug|Any CPU
		{1C789C27-B8FD-4B91-A131-2F57C2ABC3CE}.Release|Any CPU.ActiveCfg = Release|Any CPU
		{1C789C27-B8FD-4B91-A131-2F57C2ABC3CE}.Release|Any CPU.Build.0 = Release|Any CPU
		{FBB13705-9A4F-42C6-B0C4-9244400C1BE1}.Debug|Any CPU.ActiveCfg = Debug|Any CPU
		{FBB13705-9A4F-42C6-B0C4-9244400C1BE1}.Debug|Any CPU.Build.0 = Debug|Any CPU
		{FBB13705-9A4F-42C6-B0C4-9244400C1BE1}.Release|Any CPU.ActiveCfg = Release|Any CPU
		{FBB13705-9A4F-42C6-B0C4-9244400C1BE1}.Release|Any CPU.Build.0 = Release|Any CPU
	EndGlobalSection
	GlobalSection(SolutionProperties) = preSolution
		HideSolutionNode = FALSE
	EndGlobalSection
	GlobalSection(ExtensibilityGlobals) = postSolution
		SolutionGuid = {2191A04C-1546-4AD5-A918-04FFB35A9DD8}
	EndGlobalSection
EndGlobal
